
Microsoft Visual Studio Solution File, Format Version 12.00
# Visual Studio Version 17
VisualStudioVersion = 17.11.35312.102
MinimumVisualStudioVersion = 10.0.40219.1
Project("{FAE04EC0-301F-11D3-BF4B-00C04F79EFBC}") = "Sort_App_02", "Sort_App_02.csproj", "{47EA6466-6CD2-4E84-AB7B-37FC08844AA4}"
EndProject
Global
	GlobalSection(SolutionConfigurationPlatforms) = preSolution
		Debug|Any CPU = Debug|Any CPU
		Release|Any CPU = Release|Any CPU
	EndGlobalSection
	GlobalSection(ProjectConfigurationPlatforms) = postSolution
		{47EA6466-6CD2-4E84-AB7B-37FC08844AA4}.Debug|Any CPU.ActiveCfg = Debug|Any CPU
		{47EA6466-6CD2-4E84-AB7B-37FC08844AA4}.Debug|Any CPU.Build.0 = Debug|Any CPU
		{47EA6466-6CD2-4E84-AB7B-37FC08844AA4}.Release|Any CPU.ActiveCfg = Release|Any CPU
		{47EA6466-6CD2-4E84-AB7B-37FC08844AA4}.Release|Any CPU.Build.0 = Release|Any CPU
	EndGlobalSection
	GlobalSection(SolutionProperties) = preSolution
		HideSolutionNode = FALSE
	EndGlobalSection
	GlobalSection(ExtensibilityGlobals) = postSolution
		SolutionGuid = {45437128-0269-42D6-8120-5191002CE060}
	EndGlobalSection
EndGlobal
